dependencies:
- name: mongodb
  repository: ""
  version: 16.2.2
- name: psmdb-operator
  repository: ""
  version: 1.23.0
- name: psmdb-db
  repository: ""
  version: 1.21.1
digest: sha256:00f827cd582163e80ead1e2ac1aab0d9be9a0858068be5bd80e363a3f6c2c3b1
generated: "2026-08-26T18:04:25.087331806+05:30"
