dependencies:
- name: mongodb
  repository: ""
  version: 16.2.2
- name: psmdb-operator
  repository: ""
  version: 1.22.0
- name: psmdb-db
  repository: ""
  version: 1.21.1
digest: sha256:1b23ec6672ce758cfa2bb8346506c6c08ef01d2a5a964e049f680115799f4235
generated: "2026-08-24T16:59:58.660281-07:00"
